
Microsoft Visual Studio Solution File, Format Version 12.00
# Visual Studio Version 17
VisualStudioVersion = 17.5.002.0
MinimumVisualStudioVersion = 10.0.40219.1
Project("{2150E333-8FDC-42A3-9474-1A3956D46DE8}") = "lab2", "lab2", "{C46408E1-F909-46A4-A842-E4D549289C0E}"
EndProject
Project("{9A19103F-16F7-4668-BE54-9A1E7A4F7556}") = "project", "lab2\project\project.csproj", "{EAD9E585-B0DC-48BE-B779-D735C755FBE9}"
EndProject
Global
	GlobalSection(SolutionConfigurationPlatforms) = preSolution
		Debug|Any CPU = Debug|Any CPU
		Release|Any CPU = Release|Any CPU
	EndGlobalSection
	GlobalSection(ProjectConfigurationPlatforms) = postSolution
		{EAD9E585-B0DC-48BE-B779-D735C755FBE9}.Debug|Any CPU.ActiveCfg = Debug|Any CPU
		{EAD9E585-B0DC-48BE-B779-D735C755FBE9}.Debug|Any CPU.Build.0 = Debug|Any CPU
		{EAD9E585-B0DC-48BE-B779-D735C755FBE9}.Release|Any CPU.ActiveCfg = Release|Any CPU
		{EAD9E585-B0DC-48BE-B779-D735C755FBE9}.Release|Any CPU.Build.0 = Release|Any CPU
	EndGlobalSection
	GlobalSection(SolutionProperties) = preSolution
		HideSolutionNode = FALSE
	EndGlobalSection
	GlobalSection(NestedProjects) = preSolution
		{EAD9E585-B0DC-48BE-B779-D735C755FBE9} = {C46408E1-F909-46A4-A842-E4D549289C0E}
	EndGlobalSection
	GlobalSection(ExtensibilityGlobals) = postSolution
		SolutionGuid = {13AF23C9-E8A0-4610-8BD7-06EF7F24696E}
	EndGlobalSection
EndGlobal
